
Microsoft Visual Studio Solution File, Format Version 12.00
# Visual Studio Version 16
VisualStudioVersion = 16.0.31112.23
MinimumVisualStudioVersion = 10.0.40219.1
Project("{9A19103F-16F7-4668-BE54-9A1E7A4F7556}") = "Companhia_Ginasios", "Companhia_Ginasios.csproj", "{C02A7FAA-213A-4D68-AB52-47241EF0497E}"
EndProject
Global
	GlobalSection(SolutionConfigurationPlatforms) = preSolution
		Debug|Any CPU = Debug|Any CPU
		Release|Any CPU = Release|Any CPU
	EndGlobalSection
	GlobalSection(ProjectConfigurationPlatforms) = postSolution
		{C02A7FAA-213A-4D68-AB52-47241EF0497E}.Debug|Any CPU.ActiveCfg = Debug|Any CPU
		{C02A7FAA-213A-4D68-AB52-47241EF0497E}.Debug|Any CPU.Build.0 = Debug|Any CPU
		{C02A7FAA-213A-4D68-AB52-47241EF0497E}.Release|Any CPU.ActiveCfg = Release|Any CPU
		{C02A7FAA-213A-4D68-AB52-47241EF0497E}.Release|Any CPU.Build.0 = Release|Any CPU
	EndGlobalSection
	GlobalSection(SolutionProperties) = preSolution
		HideSolutionNode = FALSE
	EndGlobalSection
	GlobalSection(ExtensibilityGlobals) = postSolution
		SolutionGuid = {08F8E7C3-77C3-4E00-82E7-315B3FE7C903}
	EndGlobalSection
EndGlobal
